Microsoft Visual Studio Solution File, Format Version 12.00
# Visual Studio Version 17
VisualStudioVersion = 17.13.35913.81
MinimumVisualStudioVersion = 10.0.40219.1
Project("{9A19103F-16F7-4668-BE54-9A1E7A4F7556}") = "TinderForDogs", "TinderForDogs.csproj", "{71844AEE-C202-4B7B-91F8-21CBE52FF886}"
EndProject
Global
	GlobalSection(SolutionConfigurationPlatforms) = preSolution
		Debug|Any CPU = Debug|Any CPU
		Release|Any CPU = Release|Any CPU
	EndGlobalSection
	GlobalSection(ProjectConfigurationPlatforms) = postSolution
		{71844AEE-C202-4B7B-91F8-21CBE52FF886}.Debug|Any CPU.ActiveCfg = Debug|Any CPU
		{71844AEE-C202-4B7B-91F8-21CBE52FF886}.Debug|Any CPU.Build.0 = Debug|Any CPU
		{71844AEE-C202-4B7B-91F8-21CBE52FF886}.Release|Any CPU.ActiveCfg = Release|Any CPU
		{71844AEE-C202-4B7B-91F8-21CBE52FF886}.Release|Any CPU.Build.0 = Release|Any CPU
	EndGlobalSection
	GlobalSection(SolutionProperties) = preSolution
		HideSolutionNode = FALSE
	EndGlobalSection
	GlobalSection(ExtensibilityGlobals) = postSolution
		SolutionGuid = {EC92B572-9C2D-4CC4-B9D0-F4E1E19C814B}
	EndGlobalSection
EndGlobal
